
Microsoft Visual Studio Solution File, Format Version 12.00
# Visual Studio Version 17
VisualStudioVersion = 17.3.32901.215
MinimumVisualStudioVersion = 10.0.40219.1
Project("{8BC9CEB8-8B4A-11D0-8D11-00A0C91BC942}") = "arrange array such that arr[i]=i", "arrange array such that arr[i]=i\arrange array such that arr[i]=i.vcxproj", "{0542E84F-26A9-4F40-910D-814C28E7DFF6}"
EndProject
Global
	GlobalSection(SolutionConfigurationPlatforms) = preSolution
		Debug|x64 = Debug|x64
		Debug|x86 = Debug|x86
		Release|x64 = Release|x64
		Release|x86 = Release|x86
	EndGlobalSection
	GlobalSection(ProjectConfigurationPlatforms) = postSolution
		{0542E84F-26A9-4F40-910D-814C28E7DFF6}.Debug|x64.ActiveCfg = Debug|x64
		{0542E84F-26A9-4F40-910D-814C28E7DFF6}.Debug|x64.Build.0 = Debug|x64
		{0542E84F-26A9-4F40-910D-814C28E7DFF6}.Debug|x86.ActiveCfg = Debug|Win32
		{0542E84F-26A9-4F40-910D-814C28E7DFF6}.Debug|x86.Build.0 = Debug|Win32
		{0542E84F-26A9-4F40-910D-814C28E7DFF6}.Release|x64.ActiveCfg = Release|x64
		{0542E84F-26A9-4F40-910D-814C28E7DFF6}.Release|x64.Build.0 = Release|x64
		{0542E84F-26A9-4F40-910D-814C28E7DFF6}.Release|x86.ActiveCfg = Release|Win32
		{0542E84F-26A9-4F40-910D-814C28E7DFF6}.Release|x86.Build.0 = Release|Win32
	EndGlobalSection
	GlobalSection(SolutionProperties) = preSolution
		HideSolutionNode = FALSE
	EndGlobalSection
	GlobalSection(ExtensibilityGlobals) = postSolution
		SolutionGuid = {6D45F41A-6CF5-47C2-9918-AE98332224E5}
	EndGlobalSection
EndGlobal
